
Microsoft Visual Studio Solution File, Format Version 12.00
# Visual Studio Version 16
VisualStudioVersion = 16.0.30621.155
MinimumVisualStudioVersion = 10.0.40219.1
Project("{FAE04EC0-301F-11D3-BF4B-00C04F79EFBC}") = "Search.Fight.Console", "Search.Fight.Console\Search.Fight.Console.csproj", "{842C0F0C-B0AC-4B68-97D9-EAA8C566EE60}"
EndProject
Project("{FAE04EC0-301F-11D3-BF4B-00C04F79EFBC}") = "Search.Fight.Applicacion.Model", "Search.Fight.Applicacion.Model\Search.Fight.Applicacion.Model.csproj", "{0B860904-B705-4A18-A277-D482D1E32058}"
EndProject
Project("{FAE04EC0-301F-11D3-BF4B-00C04F79EFBC}") = "Search.Fight.Application.Service.Implementation", "Search.Fight.Application.Service.Implementation\Search.Fight.Application.Service.Implementation.csproj", "{1D82AE4F-4C9C-4004-A0AC-8D899814B32C}"
EndProject
Project("{FAE04EC0-301F-11D3-BF4B-00C04F79EFBC}") = "Search.Fight.Infraestructure.Container", "Search.Fight.Infraestructure.Container\Search.Fight.Infraestructure.Container.csproj", "{EBF33918-0312-4D62-BDE7-2460854945EF}"
EndProject
Project("{FAE04EC0-301F-11D3-BF4B-00C04F79EFBC}") = "Search.Fight.Test", "Search.Fight.Test\Search.Fight.Test.csproj", "{C778F82D-75B3-4CF2-B553-269643C97389}"
EndProject
Project("{FAE04EC0-301F-11D3-BF4B-00C04F79EFBC}") = "Search.Fight.Application.Service.Interface", "Search.Fight.Application.Service.Interface\Search.Fight.Application.Service.Interface.csproj", "{873E3FCD-3B64-43CC-8398-3B9622EC390F}"
EndProject
Global
	GlobalSection(SolutionConfigurationPlatforms) = preSolution
		Debug|Any CPU = Debug|Any CPU
		Release|Any CPU = Release|Any CPU
	EndGlobalSection
	GlobalSection(ProjectConfigurationPlatforms) = postSolution
		{842C0F0C-B0AC-4B68-97D9-EAA8C566EE60}.Debug|Any CPU.ActiveCfg = Debug|Any CPU
		{842C0F0C-B0AC-4B68-97D9-EAA8C566EE60}.Debug|Any CPU.Build.0 = Debug|Any CPU
		{842C0F0C-B0AC-4B68-97D9-EAA8C566EE60}.Release|Any CPU.ActiveCfg = Release|Any CPU
		{842C0F0C-B0AC-4B68-97D9-EAA8C566EE60}.Release|Any CPU.Build.0 = Release|Any CPU
		{0B860904-B705-4A18-A277-D482D1E32058}.Debug|Any CPU.ActiveCfg = Debug|Any CPU
		{0B860904-B705-4A18-A277-D482D1E32058}.Debug|Any CPU.Build.0 = Debug|Any CPU
		{0B860904-B705-4A18-A277-D482D1E32058}.Release|Any CPU.ActiveCfg = Release|Any CPU
		{0B860904-B705-4A18-A277-D482D1E32058}.Release|Any CPU.Build.0 = Release|Any CPU
		{1D82AE4F-4C9C-4004-A0AC-8D899814B32C}.Debug|Any CPU.ActiveCfg = Debug|Any CPU
		{1D82AE4F-4C9C-4004-A0AC-8D899814B32C}.Debug|Any CPU.Build.0 = Debug|Any CPU
		{1D82AE4F-4C9C-4004-A0AC-8D899814B32C}.Release|Any CPU.ActiveCfg = Release|Any CPU
		{1D82AE4F-4C9C-4004-A0AC-8D899814B32C}.Release|Any CPU.Build.0 = Release|Any CPU
		{EBF33918-0312-4D62-BDE7-2460854945EF}.Debug|Any CPU.ActiveCfg = Debug|Any CPU
		{EBF33918-0312-4D62-BDE7-2460854945EF}.Debug|Any CPU.Build.0 = Debug|Any CPU
		{EBF33918-0312-4D62-BDE7-2460854945EF}.Release|Any CPU.ActiveCfg = Release|Any CPU
		{EBF33918-0312-4D62-BDE7-2460854945EF}.Release|Any CPU.Build.0 = Release|Any CPU
		{C778F82D-75B3-4CF2-B553-269643C97389}.Debug|Any CPU.ActiveCfg = Debug|Any CPU
		{C778F82D-75B3-4CF2-B553-269643C97389}.Debug|Any CPU.Build.0 = Debug|Any CPU
		{C778F82D-75B3-4CF2-B553-269643C97389}.Release|Any CPU.ActiveCfg = Release|Any CPU
		{C778F82D-75B3-4CF2-B553-269643C97389}.Release|Any CPU.Build.0 = Release|Any CPU
		{873E3FCD-3B64-43CC-8398-3B9622EC390F}.Debug|Any CPU.ActiveCfg = Debug|Any CPU
		{873E3FCD-3B64-43CC-8398-3B9622EC390F}.Debug|Any CPU.Build.0 = Debug|Any CPU
		{873E3FCD-3B64-43CC-8398-3B9622EC390F}.Release|Any CPU.ActiveCfg = Release|Any CPU
		{873E3FCD-3B64-43CC-8398-3B9622EC390F}.Release|Any CPU.Build.0 = Release|Any CPU
	EndGlobalSection
	GlobalSection(SolutionProperties) = preSolution
		HideSolutionNode = FALSE
	EndGlobalSection
	GlobalSection(ExtensibilityGlobals) = postSolution
		SolutionGuid = {93E034D8-50AC-48C5-8420-E063E0DCEFC7}
	EndGlobalSection
EndGlobal
